// !$*UTF8*$!
{
	archiveVersion = 1;
	classes = {
	};
	objectVersion = 46;
	objects = {

/* Begin PBXBuildFile section */
		215BD193252FB8250FCD54B3 /* Pods_GECKOnected.framework in Frameworks */ = {isa = PBXBuildFile; fileRef = F785B00739544D043DC8B52E /* Pods_GECKOnected.framework */; };
		F66351C21F4238D80031F000 /* AppDelegate.swift in Sources */ = {isa = PBXBuildFile; fileRef = F66351C11F4238D80031F000 /* AppDelegate.swift */; };
		F66351C41F4238D80031F000 /* LoginViewController.swift in Sources */ = {isa = PBXBuildFile; fileRef = F66351C31F4238D80031F000 /* LoginViewController.swift */; };
		F66351C71F4238D80031F000 /* Main.storyboard in Resources */ = {isa = PBXBuildFile; fileRef = F66351C51F4238D80031F000 /* Main.storyboard */; };
		F66351C91F4238D80031F000 /* Assets.xcassets in Resources */ = {isa = PBXBuildFile; fileRef = F66351C81F4238D80031F000 /* Assets.xcassets */; };
		F66351CC1F4238D80031F000 /* LaunchScreen.storyboard in Resources */ = {isa = PBXBuildFile; fileRef = F66351CA1F4238D80031F000 /* LaunchScreen.storyboard */; };
		F680BED81F43C35100069CF0 /* ViewController.swift in Sources */ = {isa = PBXBuildFile; fileRef = F680BED71F43C35100069CF0 /* ViewController.swift */; };
		F6FD11301F423FDE00374DA7 /* GoogleService-Info.plist in Resources */ = {isa = PBXBuildFile; fileRef = F6FD112F1F423FDE00374DA7 /* GoogleService-Info.plist */; };
		F6FD11361F4259C700374DA7 /* SignupViewController.swift in Sources */ = {isa = PBXBuildFile; fileRef = F6FD11351F4259C700374DA7 /* SignupViewController.swift */; };
/* End PBXBuildFile section */

/* Begin PBXFileReference section */
		69AEB5C6AB52E485D58EF1E7 /* Pods-GECKOnected.release.xcconfig */ = {isa = PBXFileReference; includeInIndex = 1; lastKnownFileType = text.xcconfig; name = "Pods-GECKOnected.release.xcconfig"; path = "Pods/Target Support Files/Pods-GECKOnected/Pods-GECKOnected.release.xcconfig"; sourceTree = "<group>"; };
		75D65C8743BF9DDB0C148524 /* Pods-GECKOnected.debug.xcconfig */ = {isa = PBXFileReference; includeInIndex = 1; lastKnownFileType = text.xcconfig; name = "Pods-GECKOnected.debug.xcconfig"; path = "Pods/Target Support Files/Pods-GECKOnected/Pods-GECKOnected.debug.xcconfig"; sourceTree = "<group>"; };
		F66351BE1F4238D80031F000 /* GECKOnected.app */ = {isa = PBXFileReference; explicitFileType = wrapper.application; includeInIndex = 0; path = GECKOnected.app; sourceTree = BUILT_PRODUCTS_DIR; };
		F66351C11F4238D80031F000 /* AppDelegate.swift */ = {isa = PBXFileReference; lastKnownFileType = sourcecode.swift; path = AppDelegate.swift; sourceTree = "<group>"; };
		F66351C31F4238D80031F000 /* LoginViewController.swift */ = {isa = PBXFileReference; lastKnownFileType = sourcecode.swift; path = LoginViewController.swift; sourceTree = "<group>"; };
		F66351C61F4238D80031F000 /* Base */ = {isa = PBXFileReference; lastKnownFileType = file.storyboard; name = Base; path = Base.lproj/Main.storyboard; sourceTree = "<group>"; };
		F66351C81F4238D80031F000 /* Assets.xcassets */ = {isa = PBXFileReference; lastKnownFileType = folder.assetcatalog; path = Assets.xcassets; sourceTree = "<group>"; };
		F66351CB1F4238D80031F000 /* Base */ = {isa = PBXFileReference; lastKnownFileType = file.storyboard; name = Base; path = Base.lproj/LaunchScreen.storyboard; sourceTree = "<group>"; };
		F66351CD1F4238D80031F000 /* Info.plist */ = {isa = PBXFileReference; lastKnownFileType = text.plist.xml; path = Info.plist; sourceTree = "<group>"; };
		F680BED71F43C35100069CF0 /* ViewController.swift */ = {isa = PBXFileReference; fileEncoding = 4; lastKnownFileType = sourcecode.swift; path = ViewController.swift; sourceTree = "<group>"; };
		F6FD112F1F423FDE00374DA7 /* GoogleService-Info.plist */ = {isa = PBXFileReference; fileEncoding = 4; lastKnownFileType = text.plist.xml; name = "GoogleService-Info.plist"; path = "../../../GoogleService-Info.plist"; sourceTree = "<group>"; };
		F6FD11351F4259C700374DA7 /* SignupViewController.swift */ = {isa = PBXFileReference; fileEncoding = 4; lastKnownFileType = sourcecode.swift; path = SignupViewController.swift; sourceTree = "<group>"; };
		F785B00739544D043DC8B52E /* Pods_GECKOnected.framework */ = {isa = PBXFileReference; explicitFileType = wrapper.framework; includeInIndex = 0; path = Pods_GECKOnected.framework; sourceTree = BUILT_PRODUCTS_DIR; };
/* End PBXFileReference section */

/* Begin PBXFrameworksBuildPhase section */
		F66351BB1F4238D70031F000 /* Frameworks */ = {
			isa = PBXFrameworksBuildPhase;
			buildActionMask = 2147483647;
			files = (
				215BD193252FB8250FCD54B3 /* Pods_GECKOnected.framework in Frameworks */,
			);
			runOnlyForDeploymentPostprocessing = 0;
		};
/* End PBXFrameworksBuildPhase section */

/* Begin PBXGroup section */
		C9DAF4F6D501490ADD3A75DD /* Pods */ = {
			isa = PBXGroup;
			children = (
				75D65C8743BF9DDB0C148524 /* Pods-GECKOnected.debug.xcconfig */,
				69AEB5C6AB52E485D58EF1E7 /* Pods-GECKOnected.release.xcconfig */,
			);
			name = Pods;
			sourceTree = "<group>";
		};
		E4AEE6109D8B9A3152971BD3 /* Frameworks */ = {
			isa = PBXGroup;
			children = (
				F785B00739544D043DC8B52E /* Pods_GECKOnected.framework */,
			);
			name = Frameworks;
			sourceTree = "<group>";
		};
		F66351B51F4238D70031F000 = {
			isa = PBXGroup;
			children = (
				F66351C01F4238D80031F000 /* GECKOnected */,
				F66351BF1F4238D80031F000 /* Products */,
				C9DAF4F6D501490ADD3A75DD /* Pods */,
				E4AEE6109D8B9A3152971BD3 /* Frameworks */,
			);
			sourceTree = "<group>";
		};
		F66351BF1F4238D80031F000 /* Products */ = {
			isa = PBXGroup;
			children = (
				F66351BE1F4238D80031F000 /* GECKOnected.app */,
			);
			name = Products;
			sourceTree = "<group>";
		};
		F66351C01F4238D80031F000 /* GECKOnected */ = {
			isa = PBXGroup;
			children = (
				F66351C11F4238D80031F000 /* AppDelegate.swift */,
				F680BED71F43C35100069CF0 /* ViewController.swift */,
				F66351C31F4238D80031F000 /* LoginViewController.swift */,
				F6FD11351F4259C700374DA7 /* SignupViewController.swift */,
				F66351C51F4238D80031F000 /* Main.storyboard */,
				F66351C81F4238D80031F000 /* Assets.xcassets */,
				F66351CA1F4238D80031F000 /* LaunchScreen.storyboard */,
				F66351CD1F4238D80031F000 /* Info.plist */,
				F6FD112F1F423FDE00374DA7 /* GoogleService-Info.plist */,
			);
			path = GECKOnected;
			sourceTree = "<group>";
		};
/* End PBXGroup section */

/* Begin PBXNativeTarget section */
		F66351BD1F4238D70031F000 /* GECKOnected */ = {
			isa = PBXNativeTarget;
			buildConfigurationList = F66351D01F4238D80031F000 /* Build configuration list for PBXNativeTarget "GECKOnected" */;
			buildPhases = (
				EFB5C89A5DB5E39DF2180BFC /* [CP] Check Pods Manifest.lock */,
				F66351BA1F4238D70031F000 /* Sources */,
				F66351BB1F4238D70031F000 /* Frameworks */,
				F66351BC1F4238D70031F000 /* Resources */,
				89644F90A7538D94BED1B41F /* [CP] Embed Pods Frameworks */,
				CE3F40267920A2392FFBF4D9 /* [CP] Copy Pods Resources */,
			);
			buildRules = (
			);
			dependencies = (
			);
			name = GECKOnected;
			productName = GECKOnected;
			productReference = F66351BE1F4238D80031F000 /* GECKOnected.app */;
			productType = "com.apple.product-type.application";
		};
/* End PBXNativeTarget section */

/* Begin PBXProject section */
		F66351B61F4238D70031F000 /* Project object */ = {
			isa = PBXProject;
			attributes = {
				LastSwiftUpdateCheck = 0830;
				LastUpgradeCheck = 0830;
				ORGANIZATIONNAME = "Candice Ye";
				TargetAttributes = {
					F66351BD1F4238D70031F000 = {
						CreatedOnToolsVersion = 8.3.3;
						DevelopmentTeam = 98J9N2U3MZ;
						ProvisioningStyle = Automatic;
					};
				};
			};
			buildConfigurationList = F66351B91F4238D70031F000 /* Build configuration list for PBXProject "GECKOnected" */;
			compatibilityVersion = "Xcode 3.2";
			developmentRegion = English;
			hasScannedForEncodings = 0;
			knownRegions = (
				en,
				Base,
			);
			mainGroup = F66351B51F4238D70031F000;
			productRefGroup = F66351BF1F4238D80031F000 /* Products */;
			projectDirPath = "";
			projectRoot = "";
			targets = (
				F66351BD1F4238D70031F000 /* GECKOnected */,
			);
		};
/* End PBXProject section */

/* Begin PBXResourcesBuildPhase section */
		F66351BC1F4238D70031F000 /* Resources */ = {
			isa = PBXResourcesBuildPhase;
			buildActionMask = 2147483647;
			files = (
				F66351CC1F4238D80031F000 /* LaunchScreen.storyboard in Resources */,
				F6FD11301F423FDE00374DA7 /* GoogleService-Info.plist in Resources */,
				F66351C91F4238D80031F000 /* Assets.xcassets in Resources */,
				F66351C71F4238D80031F000 /* Main.storyboard in Resources */,
			);
			runOnlyForDeploymentPostprocessing = 0;
		};
/* End PBXResourcesBuildPhase section */

/* Begin PBXShellScriptBuildPhase section */
		89644F90A7538D94BED1B41F /* [CP] Embed Pods Frameworks */ = {
			isa = PBXShellScriptBuildPhase;
			buildActionMask = 2147483647;
			files = (
			);
			inputPaths = (
				"${SRCROOT}/Pods/Target Support Files/Pods-GECKOnected/Pods-GECKOnected-frameworks.sh",
				"${BUILT_PRODUCTS_DIR}/GoogleToolboxForMac/GoogleToolboxForMac.framework",
				"${BUILT_PRODUCTS_DIR}/nanopb/nanopb.framework",
			);
			name = "[CP] Embed Pods Frameworks";
			outputPaths = (
				"${TARGET_BUILD_DIR}/${FRAMEWORKS_FOLDER_PATH}/GoogleToolboxForMac.framework",
				"${TARGET_BUILD_DIR}/${FRAMEWORKS_FOLDER_PATH}/nanopb.framework",
			);
			runOnlyForDeploymentPostprocessing = 0;
			shellPath = /bin/sh;
			shellScript = "\"${SRCROOT}/Pods/Target Support Files/Pods-GECKOnected/Pods-GECKOnected-frameworks.sh\"\n";
			showEnvVarsInLog = 0;
		};
		CE3F40267920A2392FFBF4D9 /* [CP] Copy Pods Resources */ = {
			isa = PBXShellScriptBuildPhase;
			buildActionMask = 2147483647;
			files = (
			);
			inputPaths = (
			);
			name = "[CP] Copy Pods Resources";
			outputPaths = (
			);
			runOnlyForDeploymentPostprocessing = 0;
			shellPath = /bin/sh;
			shellScript = "\"${SRCROOT}/Pods/Target Support Files/Pods-GECKOnected/Pods-GECKOnected-resources.sh\"\n";
			showEnvVarsInLog = 0;
		};
		EFB5C89A5DB5E39DF2180BFC /* [CP] Check Pods Manifest.lock */ = {
			isa = PBXShellScriptBuildPhase;
			buildActionMask = 2147483647;
			files = (
			);
			inputPaths = (
				"${PODS_PODFILE_DIR_PATH}/Podfile.lock",
				"${PODS_ROOT}/Manifest.lock",
			);
			name = "[CP] Check Pods Manifest.lock";
			outputPaths = (
				"$(DERIVED_FILE_DIR)/Pods-GECKOnected-checkManifestLockResult.txt",
			);
			runOnlyForDeploymentPostprocessing = 0;
			shellPath = /bin/sh;
			shellScript = "diff \"${PODS_PODFILE_DIR_PATH}/Podfile.lock\" \"${PODS_ROOT}/Manifest.lock\" > /dev/null\nif [ $? != 0 ] ; then\n    # print error to STDERR\n    echo \"error: The sandbox is not in sync with the Podfile.lock. Run 'pod install' or update your CocoaPods installation.\" >&2\n    exit 1\nfi\n# This output is used by Xcode 'outputs' to avoid re-running this script phase.\necho \"SUCCESS\" > \"${SCRIPT_OUTPUT_FILE_0}\"\n";
			showEnvVarsInLog = 0;
		};
/* End PBXShellScriptBuildPhase section */

/* Begin PBXSourcesBuildPhase section */
		F66351BA1F4238D70031F000 /* Sources */ = {
			isa = PBXSourcesBuildPhase;
			buildActionMask = 2147483647;
			files = (
				F6FD11361F4259C700374DA7 /* SignupViewController.swift in Sources */,
				F66351C41F4238D80031F000 /* LoginViewController.swift in Sources */,
				F680BED81F43C35100069CF0 /* ViewController.swift in Sources */,
				F66351C21F4238D80031F000 /* AppDelegate.swift in Sources */,
			);
			runOnlyForDeploymentPostprocessing = 0;
		};
/* End PBXSourcesBuildPhase section */

/* Begin PBXVariantGroup section */
		F66351C51F4238D80031F000 /* Main.storyboard */ = {
			isa = PBXVariantGroup;
			children = (
				F66351C61F4238D80031F000 /* Base */,
			);
			name = Main.storyboard;
			sourceTree = "<group>";
		};
		F66351CA1F4238D80031F000 /* LaunchScreen.storyboard */ = {
			isa = PBXVariantGroup;
			children = (
				F66351CB1F4238D80031F000 /* Base */,
			);
			name = LaunchScreen.storyboard;
			sourceTree = "<group>";
		};
/* End PBXVariantGroup section */

/* Begin XCBuildConfiguration section */
		F66351CE1F4238D80031F000 /* Debug */ = {
			isa = XCBuildConfiguration;
			buildSettings = {
				ALWAYS_SEARCH_USER_PATHS = NO;
				CLANG_ANALYZER_NONNULL = YES;
				CLANG_ANALYZER_NUMBER_OBJECT_CONVERSION = YES_AGGRESSIVE;
				CLANG_CXX_LANGUAGE_STANDARD = "gnu++0x";
				CLANG_CXX_LIBRARY = "libc++";
				CLANG_ENABLE_MODULES = YES;
				CLANG_ENABLE_OBJC_ARC = YES;
				CLANG_WARN_BOOL_CONVERSION = YES;
				CLANG_WARN_CONSTANT_CONVERSION = YES;
				CLANG_WARN_DIRECT_OBJC_ISA_USAGE = YES_ERROR;
				CLANG_WARN_DOCUMENTATION_COMMENTS = YES;
				CLANG_WARN_EMPTY_BODY = YES;
				CLANG_WARN_ENUM_CONVERSION = YES;
				CLANG_WARN_INFINITE_RECURSION = YES;
				CLANG_WARN_INT_CONVERSION = YES;
				CLANG_WARN_OBJC_ROOT_CLASS = YES_ERROR;
				CLANG_WARN_SUSPICIOUS_MOVE = YES;
				CLANG_WARN_UNREACHABLE_CODE = YES;
				CLANG_WARN__DUPLICATE_METHOD_MATCH = YES;
				"CODE_SIGN_IDENTITY[sdk=iphoneos*]" = "iPhone Developer";
				COPY_PHASE_STRIP = NO;
				DEBUG_INFORMATION_FORMAT = dwarf;
				ENABLE_STRICT_OBJC_MSGSEND = YES;
				ENABLE_TESTABILITY = YES;
				GCC_C_LANGUAGE_STANDARD = gnu99;
				GCC_DYNAMIC_NO_PIC = NO;
				GCC_NO_COMMON_BLOCKS = YES;
				GCC_OPTIMIZATION_LEVEL = 0;
				GCC_PREPROCESSOR_DEFINITIONS = (
					"DEBUG=1",
					"$(inherited)",
				);
				GCC_WARN_64_TO_32_BIT_CONVERSION = YES;
				GCC_WARN_ABOUT_RETURN_TYPE = YES_ERROR;
				GCC_WARN_UNDECLARED_SELECTOR = YES;
				GCC_WARN_UNINITIALIZED_AUTOS = YES_AGGRESSIVE;
				GCC_WARN_UNUSED_FUNCTION = YES;
				GCC_WARN_UNUSED_VARIABLE = YES;
				IPHONEOS_DEPLOYMENT_TARGET = 10.3;
				MTL_ENABLE_DEBUG_INFO = YES;
				ONLY_ACTIVE_ARCH = YES;
				SDKROOT = iphoneos;
				SWIFT_ACTIVE_COMPILATION_CONDITIONS = DEBUG;
				SWIFT_OPTIMIZATION_LEVEL = "-Onone";
			};
			name = Debug;
		};
		F66351CF1F4238D80031F000 /* Release */ = {
			isa = XCBuildConfiguration;
			buildSettings = {
				ALWAYS_SEARCH_USER_PATHS = NO;
				CLANG_ANALYZER_NONNULL = YES;
				CLANG_ANALYZER_NUMBER_OBJECT_CONVERSION = YES_AGGRESSIVE;
				CLANG_CXX_LANGUAGE_STANDARD = "gnu++0x";
				CLANG_CXX_LIBRARY = "libc++";
				CLANG_ENABLE_MODULES = YES;
				CLANG_ENABLE_OBJC_ARC = YES;
				CLANG_WARN_BOOL_CONVERSION = YES;
				CLANG_WARN_CONSTANT_CONVERSION = YES;
				CLANG_WARN_DIRECT_OBJC_ISA_USAGE = YES_ERROR;
				CLANG_WARN_DOCUMENTATION_COMMENTS = YES;
				CLANG_WARN_EMPTY_BODY = YES;
				CLANG_WARN_ENUM_CONVERSION = YES;
				CLANG_WARN_INFINITE_RECURSION = YES;
				CLANG_WARN_INT_CONVERSION = YES;
				CLANG_WARN_OBJC_ROOT_CLASS = YES_ERROR;
				CLANG_WARN_SUSPICIOUS_MOVE = YES;
				CLANG_WARN_UNREACHABLE_CODE = YES;
				CLANG_WARN__DUPLICATE_METHOD_MATCH = YES;
				"CODE_SIGN_IDENTITY[sdk=iphoneos*]" = "iPhone Developer";
				COPY_PHASE_STRIP = NO;
				DEBUG_INFORMATION_FORMAT = "dwarf-with-dsym";
				ENABLE_NS_ASSERTIONS = NO;
				ENABLE_STRICT_OBJC_MSGSEND = YES;
				GCC_C_LANGUAGE_STANDARD = gnu99;
				GCC_NO_COMMON_BLOCKS = YES;
				GCC_WARN_64_TO_32_BIT_CONVERSION = YES;
				GCC_WARN_ABOUT_RETURN_TYPE = YES_ERROR;
				GCC_WARN_UNDECLARED_SELECTOR = YES;
				GCC_WARN_UNINITIALIZED_AUTOS = YES_AGGRESSIVE;
				GCC_WARN_UNUSED_FUNCTION = YES;
				GCC_WARN_UNUSED_VARIABLE = YES;
				IPHONEOS_DEPLOYMENT_TARGET = 10.3;
				MTL_ENABLE_DEBUG_INFO = NO;
				SDKROOT = iphoneos;
				SWIFT_OPTIMIZATION_LEVEL = "-Owholemodule";
				VALIDATE_PRODUCT = YES;
			};
			name = Release;
		};
		F66351D11F4238D80031F000 /* Debug */ = {
			isa = XCBuildConfiguration;
			baseConfigurationReference = 75D65C8743BF9DDB0C148524 /* Pods-GECKOnected.debug.xcconfig */;
			buildSettings = {
				ASSETCATALOG_COMPILER_APPICON_NAME = AppIcon;
				DEVELOPMENT_TEAM = 98J9N2U3MZ;
				INFOPLIST_FILE = GECKOnected/Info.plist;
				LD_RUNPATH_SEARCH_PATHS = "$(inherited) @executable_path/Frameworks";
				PRODUCT_BUNDLE_IDENTIFIER = canye.GECKOnected;
				PRODUCT_NAME = "$(TARGET_NAME)";
				SWIFT_VERSION = 3.0;
			};
			name = Debug;
		};
		F66351D21F4238D80031F000 /* Release */ = {
			isa = XCBuildConfiguration;
			baseConfigurationReference = 69AEB5C6AB52E485D58EF1E7 /* Pods-GECKOnected.release.xcconfig */;
			buildSettings = {
				ASSETCATALOG_COMPILER_APPICON_NAME = AppIcon;
				DEVELOPMENT_TEAM = 98J9N2U3MZ;
				INFOPLIST_FILE = GECKOnected/Info.plist;
				LD_RUNPATH_SEARCH_PATHS = "$(inherited) @executable_path/Frameworks";
				PRODUCT_BUNDLE_IDENTIFIER = canye.GECKOnected;
				PRODUCT_NAME = "$(TARGET_NAME)";
				SWIFT_VERSION = 3.0;
			};
			name = Release;
		};
/* End XCBuildConfiguration section */

/* Begin XCConfigurationList section */
		F66351B91F4238D70031F000 /* Build configuration list for PBXProject "GECKOnected" */ = {
			isa = XCConfigurationList;
			buildConfigurations = (
				F66351CE1F4238D80031F000 /* Debug */,
				F66351CF1F4238D80031F000 /* Release */,
			);
			defaultConfigurationIsVisible = 0;
			defaultConfigurationName = Release;
		};
		F66351D01F4238D80031F000 /* Build configuration list for PBXNativeTarget "GECKOnected" */ = {
			isa = XCConfigurationList;
			buildConfigurations = (
				F66351D11F4238D80031F000 /* Debug */,
				F66351D21F4238D80031F000 /* Release */,
			);
			defaultConfigurationIsVisible = 0;
			defaultConfigurationName = Release;
		};
/* End XCConfigurationList section */
	};
	rootObject = F66351B61F4238D70031F000 /* Project object */;
}
